
Microsoft Visual Studio Solution File, Format Version 12.00
Project("{FAE04EC0-301F-11D3-BF4B-00C04F79EFBC}") = "MorphTrade.Console", "src\MorphTrade.Console\MorphTrade.Console.csproj", "{97642635-10A3-448D-9A74-885ABEB5DC95}"
EndProject
Project("{2150E333-8FDC-42A3-9474-1A3956D46DE8}") = "SolutionItems", "SolutionItems", "{A43F7C93-7CC6-4FF0-9975-D64023B1FC0D}"
	ProjectSection(SolutionItems) = preProject
		Directory.Build.props = Directory.Build.props
		Directory.Build.targets = Directory.Build.targets
		Directory.Packages.props = Directory.Packages.props
		nuget.config = nuget.config
	EndProjectSection
EndProject
Project("{FAE04EC0-301F-11D3-BF4B-00C04F79EFBC}") = "MorphTrade.Abstractions", "src\MorphTrade.Abstractions\MorphTrade.Abstractions.csproj", "{BB3A1EEB-F1DF-4FDD-949F-AA1E263B6FD9}"
EndProject
Project("{FAE04EC0-301F-11D3-BF4B-00C04F79EFBC}") = "MorphTrade.Domain.Ingestion", "src\MorphTrade.Domain.Ingestion\MorphTrade.Domain.Ingestion.csproj", "{40335E94-AC6A-4E43-9F65-2C1693BB1935}"
EndProject
Project("{FAE04EC0-301F-11D3-BF4B-00C04F79EFBC}") = "MorphTrade.Domain.Flows", "src\MorphTrade.Domain.Flows\MorphTrade.Domain.Flows.csproj", "{D24B054B-D444-4D7A-98BF-AC890C020869}"
EndProject
Project("{FAE04EC0-301F-11D3-BF4B-00C04F79EFBC}") = "MorphTrade.Workspace.IndicatorDesign", "workspace\MorphTrade.Workspace.IndicatorDesign\MorphTrade.Workspace.IndicatorDesign.csproj", "{FA94611B-F655-4922-B8BA-2449B7511249}"
EndProject
Project("{FAE04EC0-301F-11D3-BF4B-00C04F79EFBC}") = "MorphTrade.Infrastructure.Persistence", "src\MorphTrade.Infrastructure.Persistence\MorphTrade.Infrastructure.Persistence.csproj", "{F2D0E293-4310-4942-B0A1-03ACF18D39DA}"
EndProject
Project("{FAE04EC0-301F-11D3-BF4B-00C04F79EFBC}") = "MorphTrade.Domain.Finance", "src\MorphTrade.Domain.Finance\MorphTrade.Domain.Finance.csproj", "{6EFFA838-8637-44DC-962F-B5968CD0B872}"
EndProject
Project("{FAE04EC0-301F-11D3-BF4B-00C04F79EFBC}") = "MorphTrade.Domain.Finance.Bank", "src\MorphTrade.Domain.Finance.Bank\MorphTrade.Domain.Finance.Bank.csproj", "{2DE00801-7A4F-4CC3-842A-6515989CCB3D}"
EndProject
Project("{FAE04EC0-301F-11D3-BF4B-00C04F79EFBC}") = "MorphTrade.Workspace.FlowDesign", "workspace\MorphTrade.Workspace.FlowDesign\MorphTrade.Workspace.FlowDesign.csproj", "{262575CC-93A2-4B87-8EA0-0156AB4A2E3D}"
EndProject
Project("{FAE04EC0-301F-11D3-BF4B-00C04F79EFBC}") = "MorphTrade.Domain.Finance.Bank.Tests", "tests\MorphTrade.Domain.Finance.Bank.Tests\MorphTrade.Domain.Finance.Bank.Tests.csproj", "{48DB042E-CAD6-4007-A5F8-CF07B34F9FAD}"
EndProject
Project("{FAE04EC0-301F-11D3-BF4B-00C04F79EFBC}") = "MorphTrade.Domain.Ingestion.Tests", "tests\MorphTrade.Domain.Ingestion.Tests\MorphTrade.Domain.Ingestion.Tests.csproj", "{72164EE2-10BA-41C5-9ECC-43575682B51C}"
EndProject
Global
	GlobalSection(SolutionConfigurationPlatforms) = preSolution
		Debug|Any CPU = Debug|Any CPU
		Release|Any CPU = Release|Any CPU
	EndGlobalSection
	GlobalSection(ProjectConfigurationPlatforms) = postSolution
		{97642635-10A3-448D-9A74-885ABEB5DC95}.Debug|Any CPU.ActiveCfg = Debug|Any CPU
		{97642635-10A3-448D-9A74-885ABEB5DC95}.Debug|Any CPU.Build.0 = Debug|Any CPU
		{97642635-10A3-448D-9A74-885ABEB5DC95}.Release|Any CPU.ActiveCfg = Release|Any CPU
		{97642635-10A3-448D-9A74-885ABEB5DC95}.Release|Any CPU.Build.0 = Release|Any CPU
		{BB3A1EEB-F1DF-4FDD-949F-AA1E263B6FD9}.Debug|Any CPU.ActiveCfg = Debug|Any CPU
		{BB3A1EEB-F1DF-4FDD-949F-AA1E263B6FD9}.Debug|Any CPU.Build.0 = Debug|Any CPU
		{BB3A1EEB-F1DF-4FDD-949F-AA1E263B6FD9}.Release|Any CPU.ActiveCfg = Release|Any CPU
		{BB3A1EEB-F1DF-4FDD-949F-AA1E263B6FD9}.Release|Any CPU.Build.0 = Release|Any CPU
		{40335E94-AC6A-4E43-9F65-2C1693BB1935}.Debug|Any CPU.ActiveCfg = Debug|Any CPU
		{40335E94-AC6A-4E43-9F65-2C1693BB1935}.Debug|Any CPU.Build.0 = Debug|Any CPU
		{40335E94-AC6A-4E43-9F65-2C1693BB1935}.Release|Any CPU.ActiveCfg = Release|Any CPU
		{40335E94-AC6A-4E43-9F65-2C1693BB1935}.Release|Any CPU.Build.0 = Release|Any CPU
		{D24B054B-D444-4D7A-98BF-AC890C020869}.Debug|Any CPU.ActiveCfg = Debug|Any CPU
		{D24B054B-D444-4D7A-98BF-AC890C020869}.Debug|Any CPU.Build.0 = Debug|Any CPU
		{D24B054B-D444-4D7A-98BF-AC890C020869}.Release|Any CPU.ActiveCfg = Release|Any CPU
		{D24B054B-D444-4D7A-98BF-AC890C020869}.Release|Any CPU.Build.0 = Release|Any CPU
		{FA94611B-F655-4922-B8BA-2449B7511249}.Debug|Any CPU.ActiveCfg = Debug|Any CPU
		{FA94611B-F655-4922-B8BA-2449B7511249}.Debug|Any CPU.Build.0 = Debug|Any CPU
		{FA94611B-F655-4922-B8BA-2449B7511249}.Release|Any CPU.ActiveCfg = Release|Any CPU
		{FA94611B-F655-4922-B8BA-2449B7511249}.Release|Any CPU.Build.0 = Release|Any CPU
		{F2D0E293-4310-4942-B0A1-03ACF18D39DA}.Debug|Any CPU.ActiveCfg = Debug|Any CPU
		{F2D0E293-4310-4942-B0A1-03ACF18D39DA}.Debug|Any CPU.Build.0 = Debug|Any CPU
		{F2D0E293-4310-4942-B0A1-03ACF18D39DA}.Release|Any CPU.ActiveCfg = Release|Any CPU
		{F2D0E293-4310-4942-B0A1-03ACF18D39DA}.Release|Any CPU.Build.0 = Release|Any CPU
		{6EFFA838-8637-44DC-962F-B5968CD0B872}.Debug|Any CPU.ActiveCfg = Debug|Any CPU
		{6EFFA838-8637-44DC-962F-B5968CD0B872}.Debug|Any CPU.Build.0 = Debug|Any CPU
		{6EFFA838-8637-44DC-962F-B5968CD0B872}.Release|Any CPU.ActiveCfg = Release|Any CPU
		{6EFFA838-8637-44DC-962F-B5968CD0B872}.Release|Any CPU.Build.0 = Release|Any CPU
		{2DE00801-7A4F-4CC3-842A-6515989CCB3D}.Debug|Any CPU.ActiveCfg = Debug|Any CPU
		{2DE00801-7A4F-4CC3-842A-6515989CCB3D}.Debug|Any CPU.Build.0 = Debug|Any CPU
		{2DE00801-7A4F-4CC3-842A-6515989CCB3D}.Release|Any CPU.ActiveCfg = Release|Any CPU
		{2DE00801-7A4F-4CC3-842A-6515989CCB3D}.Release|Any CPU.Build.0 = Release|Any CPU
		{262575CC-93A2-4B87-8EA0-0156AB4A2E3D}.Debug|Any CPU.ActiveCfg = Debug|Any CPU
		{262575CC-93A2-4B87-8EA0-0156AB4A2E3D}.Debug|Any CPU.Build.0 = Debug|Any CPU
		{262575CC-93A2-4B87-8EA0-0156AB4A2E3D}.Release|Any CPU.ActiveCfg = Release|Any CPU
		{262575CC-93A2-4B87-8EA0-0156AB4A2E3D}.Release|Any CPU.Build.0 = Release|Any CPU
		{48DB042E-CAD6-4007-A5F8-CF07B34F9FAD}.Debug|Any CPU.ActiveCfg = Debug|Any CPU
		{48DB042E-CAD6-4007-A5F8-CF07B34F9FAD}.Debug|Any CPU.Build.0 = Debug|Any CPU
		{48DB042E-CAD6-4007-A5F8-CF07B34F9FAD}.Release|Any CPU.ActiveCfg = Release|Any CPU
		{48DB042E-CAD6-4007-A5F8-CF07B34F9FAD}.Release|Any CPU.Build.0 = Release|Any CPU
		{72164EE2-10BA-41C5-9ECC-43575682B51C}.Debug|Any CPU.ActiveCfg = Debug|Any CPU
		{72164EE2-10BA-41C5-9ECC-43575682B51C}.Debug|Any CPU.Build.0 = Debug|Any CPU
		{72164EE2-10BA-41C5-9ECC-43575682B51C}.Release|Any CPU.ActiveCfg = Release|Any CPU
		{72164EE2-10BA-41C5-9ECC-43575682B51C}.Release|Any CPU.Build.0 = Release|Any CPU
	EndGlobalSection
EndGlobal
